{
  "object": {
    "pins": [
      {
        "package": "FanboyKit",
        "repositoryURL": "https://github.com/michaelnisi/fanboy-kit",
        "state": {
          "branch": null,
          "revision": "8b71a756e59fb1e91a3aaf05c0aa3ec7d1b66c65",
          "version": "9.0.0"
        }
      },
      {
        "package": "FeedKit",
        "repositoryURL": "https://github.com/michaelnisi/feedkit",
        "state": {
          "branch": null,
          "revision": "09a775b625e8a01333a88cbd11fde639a2aed1f5",
          "version": "17.0.0"
        }
      },
      {
        "package": "MangerKit",
        "repositoryURL": "https://github.com/michaelnisi/manger-kit",
        "state": {
          "branch": null,
          "revision": "4b024a2236117d022890b5b208bbd10e9908b7a2",
          "version": "8.0.0"
        }
      },
      {
        "package": "Nuke",
        "repositoryURL": "https://github.com/kean/nuke",
        "state": {
          "branch": null,
          "revision": "7df01b0d5b42b3fa8930cf0803264116c4e219e1",
          "version": "9.1.3"
        }
      },
      {
        "package": "Ola",
        "repositoryURL": "https://github.com/michaelnisi/ola",
        "state": {
          "branch": null,
          "revision": "61379a00e4020b4e58241e972e9a1b0af8582232",
          "version": "12.0.0"
        }
      },
      {
        "package": "Patron",
        "repositoryURL": "https://github.com/michaelnisi/patron",
        "state": {
          "branch": null,
          "revision": "b2e1b6e385c27da926f4d4743e1f084bf9ea70d6",
          "version": "11.0.0"
        }
      },
      {
        "package": "Skull",
        "repositoryURL": "https://github.com/michaelnisi/skull",
        "state": {
          "branch": null,
          "revision": "97024a5ba72db4317e5efe49542dfdef208bd230",
          "version": "11.0.4"
        }
      }
    ]
  },
  "version": 1
}
